
Microsoft Visual Studio Solution File, Format Version 12.00
# Visual Studio Version 17
VisualStudioVersion = 17.0.32014.148
MinimumVisualStudioVersion = 10.0.40219.1
Project("{FAE04EC0-301F-11D3-BF4B-00C04F79EFBC}") = "SPID.AspNetCore.WebApp.RazorPages", "SPID.AspNetCore.WebApp.RazorPages\SPID.AspNetCore.WebApp.RazorPages.csproj", "{46B3FE4E-99A9-4691-9C62-8E15A19DA39D}"
EndProject
Global
	GlobalSection(SolutionConfigurationPlatforms) = preSolution
		Debug|Any CPU = Debug|Any CPU
		Release|Any CPU = Release|Any CPU
	EndGlobalSection
	GlobalSection(ProjectConfigurationPlatforms) = postSolution
		{46B3FE4E-99A9-4691-9C62-8E15A19DA39D}.Debug|Any CPU.ActiveCfg = Debug|Any CPU
		{46B3FE4E-99A9-4691-9C62-8E15A19DA39D}.Debug|Any CPU.Build.0 = Debug|Any CPU
		{46B3FE4E-99A9-4691-9C62-8E15A19DA39D}.Release|Any CPU.ActiveCfg = Release|Any CPU
		{46B3FE4E-99A9-4691-9C62-8E15A19DA39D}.Release|Any CPU.Build.0 = Release|Any CPU
	EndGlobalSection
	GlobalSection(SolutionProperties) = preSolution
		HideSolutionNode = FALSE
	EndGlobalSection
	GlobalSection(ExtensibilityGlobals) = postSolution
		SolutionGuid = {6329B769-6625-46AF-AF6B-57ED7931206E}
	EndGlobalSection
EndGlobal
